// !$*UTF8*$!
{
	archiveVersion = 1;
	classes = {
	};
	objectVersion = 70;
	objects = {

/* Begin PBXBuildFile section */
		D00A1E9A2C3A77A20029F340 /* PostProcess.swift in Sources */ = {isa = PBXBuildFile; fileRef = D00A1E972C3A77A20029F340 /* PostProcess.swift */; };
		D00A1E9B2C3A77A20029F340 /* Filter.swift in Sources */ = {isa = PBXBuildFile; fileRef = D00A1E942C3A77A20029F340 /* Filter.swift */; };
		D00A1E9C2C3A77A20029F340 /* PostProcess.metal in Sources */ = {isa = PBXBuildFile; fileRef = D00A1E982C3A77A20029F340 /* PostProcess.metal */; };
		D00A1E9D2C3A77A20029F340 /* FunctionConstants.swift in Sources */ = {isa = PBXBuildFile; fileRef = D00A1E952C3A77A20029F340 /* FunctionConstants.swift */; };
		D0301BBD2C3B082D00ABA177 /* TextEntity in Frameworks */ = {isa = PBXBuildFile; productRef = D0301BBC2C3B082D00ABA177 /* TextEntity */; };
		D04486192C3333710078C27F /* AppDelegate.swift in Sources */ = {isa = PBXBuildFile; fileRef = D04486182C3333710078C27F /* AppDelegate.swift */; };
		D044861B2C3333710078C27F /* ContentView.swift in Sources */ = {isa = PBXBuildFile; fileRef = D044861A2C3333710078C27F /* ContentView.swift */; };
		D044861D2C3333730078C27F /* Assets.xcassets in Resources */ = {isa = PBXBuildFile; fileRef = D044861C2C3333730078C27F /* Assets.xcassets */; };
		D04486202C3333730078C27F /* Preview Assets.xcassets in Resources */ = {isa = PBXBuildFile; fileRef = D044861F2C3333730078C27F /* Preview Assets.xcassets */; };
		D044862A2C3333740078C27F /* Magical_GardenTests.swift in Sources */ = {isa = PBXBuildFile; fileRef = D04486292C3333740078C27F /* Magical_GardenTests.swift */; };
		D04486342C3333740078C27F /* Magical_GardenUITests.swift in Sources */ = {isa = PBXBuildFile; fileRef = D04486332C3333740078C27F /* Magical_GardenUITests.swift */; };
		D04486362C3333740078C27F /* Magical_GardenUITestsLaunchTests.swift in Sources */ = {isa = PBXBuildFile; fileRef = D04486352C3333740078C27F /* Magical_GardenUITestsLaunchTests.swift */; };
		D04486542C33DF860078C27F /* ARManager.swift in Sources */ = {isa = PBXBuildFile; fileRef = D04486532C33DF860078C27F /* ARManager.swift */; };
		D04486572C33E9DB0078C27F /* FocusEntity in Frameworks */ = {isa = PBXBuildFile; productRef = D04486562C33E9DB0078C27F /* FocusEntity */; };
		D051D5D92C3B6AE70092B167 /* SFX_3.wav in Resources */ = {isa = PBXBuildFile; fileRef = D051D5D22C3B6AE70092B167 /* SFX_3.wav */; };
		D051D5DA2C3B6AE70092B167 /* Music.wav in Resources */ = {isa = PBXBuildFile; fileRef = D051D5CF2C3B6AE70092B167 /* Music.wav */; };
		D051D5DB2C3B6AE70092B167 /* SFX_7.wav in Resources */ = {isa = PBXBuildFile; fileRef = D051D5D62C3B6AE70092B167 /* SFX_7.wav */; };
		D051D5DC2C3B6AE70092B167 /* SFX_4.wav in Resources */ = {isa = PBXBuildFile; fileRef = D051D5D32C3B6AE70092B167 /* SFX_4.wav */; };
		D051D5DD2C3B6AE70092B167 /* SFX_5.wav in Resources */ = {isa = PBXBuildFile; fileRef = D051D5D42C3B6AE70092B167 /* SFX_5.wav */; };
		D051D5DE2C3B6AE70092B167 /* SFX_8.wav in Resources */ = {isa = PBXBuildFile; fileRef = D051D5D72C3B6AE70092B167 /* SFX_8.wav */; };
		D051D5DF2C3B6AE70092B167 /* SFX_2.wav in Resources */ = {isa = PBXBuildFile; fileRef = D051D5D12C3B6AE70092B167 /* SFX_2.wav */; };
		D051D5E02C3B6AE70092B167 /* SFX_1.wav in Resources */ = {isa = PBXBuildFile; fileRef = D051D5D02C3B6AE70092B167 /* SFX_1.wav */; };
		D051D5E12C3B6AE70092B167 /* SFX_6.wav in Resources */ = {isa = PBXBuildFile; fileRef = D051D5D52C3B6AE70092B167 /* SFX_6.wav */; };
		D051D5E32C3BD2750092B167 /* SoundManager.swift in Sources */ = {isa = PBXBuildFile; fileRef = D051D5E22C3BD2750092B167 /* SoundManager.swift */; };
		D051D5E52C3BD5F00092B167 /* HapticFeedbackManager.swift in Sources */ = {isa = PBXBuildFile; fileRef = D051D5E42C3BD5F00092B167 /* HapticFeedbackManager.swift */; };
		D051D5EB2C3BF4A30092B167 /* OnBoardingView.swift in Sources */ = {isa = PBXBuildFile; fileRef = D051D5EA2C3BF4A30092B167 /* OnBoardingView.swift */; };
		D051D5ED2C3BF4B90092B167 /* OnBoardingCard.swift in Sources */ = {isa = PBXBuildFile; fileRef = D051D5EC2C3BF4B90092B167 /* OnBoardingCard.swift */; };
		D051D5F12C3BF51F0092B167 /* SnapShotThumbnail.swift in Sources */ = {isa = PBXBuildFile; fileRef = D051D5F02C3BF51F0092B167 /* SnapShotThumbnail.swift */; };
		D051D5F32C3BF53F0092B167 /* SessionInfo.swift in Sources */ = {isa = PBXBuildFile; fileRef = D051D5F22C3BF53F0092B167 /* SessionInfo.swift */; };
		D051D5F52C3BF5640092B167 /* SaveLoadButton.swift in Sources */ = {isa = PBXBuildFile; fileRef = D051D5F42C3BF5640092B167 /* SaveLoadButton.swift */; };
		D051D5F92C3BF5B60092B167 /* SnapshotAnchor.swift in Sources */ = {isa = PBXBuildFile; fileRef = D051D5F82C3BF5B60092B167 /* SnapshotAnchor.swift */; };
		D051D5FB2C3BF5E30092B167 /* Extensions.swift in Sources */ = {isa = PBXBuildFile; fileRef = D051D5FA2C3BF5E30092B167 /* Extensions.swift */; };
		D051D5FD2C3BF60C0092B167 /* MetalLibLoader.swift in Sources */ = {isa = PBXBuildFile; fileRef = D051D5FC2C3BF60C0092B167 /* MetalLibLoader.swift */; };
		D051D5FF2C3BF6400092B167 /* Functional.swift in Sources */ = {isa = PBXBuildFile; fileRef = D051D5FE2C3BF6400092B167 /* Functional.swift */; };
		D0A94ADE2C42EECA0063D11B /* FileManagerExtension.swift in Sources */ = {isa = PBXBuildFile; fileRef = D0A94ADD2C42EECA0063D11B /* FileManagerExtension.swift */; };
		D0A94AE02C43C6870063D11B /* CustomARView+Particles.swift in Sources */ = {isa = PBXBuildFile; fileRef = D0A94ADF2C43C6870063D11B /* CustomARView+Particles.swift */; };
		D0A94AE22C43C7070063D11B /* CustomARView+Effects.swift in Sources */ = {isa = PBXBuildFile; fileRef = D0A94AE12C43C7070063D11B /* CustomARView+Effects.swift */; };
		D0A94AE42C43C7E10063D11B /* CustomARView+Timer.swift in Sources */ = {isa = PBXBuildFile; fileRef = D0A94AE32C43C7E10063D11B /* CustomARView+Timer.swift */; };
		D0DA75FD2C38822000CF421D /* CustomARView+Persistence.swift in Sources */ = {isa = PBXBuildFile; fileRef = D0DA75FA2C38822000CF421D /* CustomARView+Persistence.swift */; };
		D0DA75FE2C38822000CF421D /* CustomARView+Render.swift in Sources */ = {isa = PBXBuildFile; fileRef = D0DA75FB2C38822000CF421D /* CustomARView+Render.swift */; };
		D0DA75FF2C38822000CF421D /* CustomARView.swift in Sources */ = {isa = PBXBuildFile; fileRef = D0DA75F72C38822000CF421D /* CustomARView.swift */; };
		D0DA76002C38822000CF421D /* CustomARView+Session.swift in Sources */ = {isa = PBXBuildFile; fileRef = D0DA75F92C38822000CF421D /* CustomARView+Session.swift */; };
		D0DA76012C38822000CF421D /* CustomARView+Gesture.swift in Sources */ = {isa = PBXBuildFile; fileRef = D0DA75F82C38822000CF421D /* CustomARView+Gesture.swift */; };
		D0DA760A2C3882CC00CF421D /* SaveLoadState.swift in Sources */ = {isa = PBXBuildFile; fileRef = D0DA76032C3882CC00CF421D /* SaveLoadState.swift */; };
		D0DA760C2C3882CC00CF421D /* OnBoardingItem.swift in Sources */ = {isa = PBXBuildFile; fileRef = D0DA76072C3882CC00CF421D /* OnBoardingItem.swift */; };
		D0DA760D2C3882CC00CF421D /* ARState.swift in Sources */ = {isa = PBXBuildFile; fileRef = D0DA76042C3882CC00CF421D /* ARState.swift */; };
		D0DA760E2C3882CC00CF421D /* OnBoardingData.swift in Sources */ = {isa = PBXBuildFile; fileRef = D0DA76082C3882CC00CF421D /* OnBoardingData.swift */; };
		D0DA760F2C3882CC00CF421D /* ButtonState.swift in Sources */ = {isa = PBXBuildFile; fileRef = D0DA76052C3882CC00CF421D /* ButtonState.swift */; };
		D0DA762B2C39BC6C00CF421D /* ControlView.swift in Sources */ = {isa = PBXBuildFile; fileRef = D0DA762A2C39BC6C00CF421D /* ControlView.swift */; };
		D0DA762D2C3A028A00CF421D /* SessionSettings.swift in Sources */ = {isa = PBXBuildFile; fileRef = D0DA762C2C3A028A00CF421D /* SessionSettings.swift */; };
		D0DA762F2C3A039000CF421D /* SettingsView.swift in Sources */ = {isa = PBXBuildFile; fileRef = D0DA762E2C3A039000CF421D /* SettingsView.swift */; };
/* End PBXBuildFile section */

/* Begin PBXContainerItemProxy section */
		D04486262C3333740078C27F /* PBXContainerItemProxy */ = {
			isa = PBXContainerItemProxy;
			containerPortal = D044860D2C3333710078C27F /* Project object */;
			proxyType = 1;
			remoteGlobalIDString = D04486142C3333710078C27F;
			remoteInfo = "Magical Garden";
		};
		D04486302C3333740078C27F /* PBXContainerItemProxy */ = {
			isa = PBXContainerItemProxy;
			containerPortal = D044860D2C3333710078C27F /* Project object */;
			proxyType = 1;
			remoteGlobalIDString = D04486142C3333710078C27F;
			remoteInfo = "Magical Garden";
		};
/* End PBXContainerItemProxy section */

/* Begin PBXFileReference section */
		D00A1E942C3A77A20029F340 /* Filter.swift */ = {isa = PBXFileReference; lastKnownFileType = sourcecode.swift; path = Filter.swift; sourceTree = "<group>"; };
		D00A1E952C3A77A20029F340 /* FunctionConstants.swift */ = {isa = PBXFileReference; lastKnownFileType = sourcecode.swift; path = FunctionConstants.swift; sourceTree = "<group>"; };
		D00A1E972C3A77A20029F340 /* PostProcess.swift */ = {isa = PBXFileReference; lastKnownFileType = sourcecode.swift; path = PostProcess.swift; sourceTree = "<group>"; };
		D00A1E982C3A77A20029F340 /* PostProcess.metal */ = {isa = PBXFileReference; lastKnownFileType = sourcecode.metal; path = PostProcess.metal; sourceTree = "<group>"; };
		D0301BB92C3AE4F300ABA177 /* Magical-Garden-Info.plist */ = {isa = PBXFileReference; lastKnownFileType = text.plist; path = "Magical-Garden-Info.plist"; sourceTree = SOURCE_ROOT; };
		D04486152C3333710078C27F /* Magical Garden.app */ = {isa = PBXFileReference; explicitFileType = wrapper.application; includeInIndex = 0; path = "Magical Garden.app"; sourceTree = BUILT_PRODUCTS_DIR; };
		D04486182C3333710078C27F /* AppDelegate.swift */ = {isa = PBXFileReference; lastKnownFileType = sourcecode.swift; path = AppDelegate.swift; sourceTree = "<group>"; };
		D044861A2C3333710078C27F /* ContentView.swift */ = {isa = PBXFileReference; lastKnownFileType = sourcecode.swift; path = ContentView.swift; sourceTree = "<group>"; };
		D044861C2C3333730078C27F /* Assets.xcassets */ = {isa = PBXFileReference; lastKnownFileType = folder.assetcatalog; path = Assets.xcassets; sourceTree = "<group>"; };
		D044861F2C3333730078C27F /* Preview Assets.xcassets */ = {isa = PBXFileReference; lastKnownFileType = folder.assetcatalog; path = "Preview Assets.xcassets"; sourceTree = "<group>"; };
		D04486252C3333740078C27F /* Magical GardenTests.xctest */ = {isa = PBXFileReference; explicitFileType = wrapper.cfbundle; includeInIndex = 0; path = "Magical GardenTests.xctest"; sourceTree = BUILT_PRODUCTS_DIR; };
		D04486292C3333740078C27F /* Magical_GardenTests.swift */ = {isa = PBXFileReference; lastKnownFileType = sourcecode.swift; path = Magical_GardenTests.swift; sourceTree = "<group>"; };
		D044862F2C3333740078C27F /* Magical GardenUITests.xctest */ = {isa = PBXFileReference; explicitFileType = wrapper.cfbundle; includeInIndex = 0; path = "Magical GardenUITests.xctest"; sourceTree = BUILT_PRODUCTS_DIR; };
		D04486332C3333740078C27F /* Magical_GardenUITests.swift */ = {isa = PBXFileReference; lastKnownFileType = sourcecode.swift; path = Magical_GardenUITests.swift; sourceTree = "<group>"; };
		D04486352C3333740078C27F /* Magical_GardenUITestsLaunchTests.swift */ = {isa = PBXFileReference; lastKnownFileType = sourcecode.swift; path = Magical_GardenUITestsLaunchTests.swift; sourceTree = "<group>"; };
		D04486532C33DF860078C27F /* ARManager.swift */ = {isa = PBXFileReference; lastKnownFileType = sourcecode.swift; path = ARManager.swift; sourceTree = "<group>"; };
		D051D5CF2C3B6AE70092B167 /* Music.wav */ = {isa = PBXFileReference; lastKnownFileType = audio.wav; path = Music.wav; sourceTree = "<group>"; };
		D051D5D02C3B6AE70092B167 /* SFX_1.wav */ = {isa = PBXFileReference; lastKnownFileType = audio.wav; path = SFX_1.wav; sourceTree = "<group>"; };
		D051D5D12C3B6AE70092B167 /* SFX_2.wav */ = {isa = PBXFileReference; lastKnownFileType = audio.wav; path = SFX_2.wav; sourceTree = "<group>"; };
		D051D5D22C3B6AE70092B167 /* SFX_3.wav */ = {isa = PBXFileReference; lastKnownFileType = audio.wav; path = SFX_3.wav; sourceTree = "<group>"; };
		D051D5D32C3B6AE70092B167 /* SFX_4.wav */ = {isa = PBXFileReference; lastKnownFileType = audio.wav; path = SFX_4.wav; sourceTree = "<group>"; };
		D051D5D42C3B6AE70092B167 /* SFX_5.wav */ = {isa = PBXFileReference; lastKnownFileType = audio.wav; path = SFX_5.wav; sourceTree = "<group>"; };
		D051D5D52C3B6AE70092B167 /* SFX_6.wav */ = {isa = PBXFileReference; lastKnownFileType = audio.wav; path = SFX_6.wav; sourceTree = "<group>"; };
		D051D5D62C3B6AE70092B167 /* SFX_7.wav */ = {isa = PBXFileReference; lastKnownFileType = audio.wav; path = SFX_7.wav; sourceTree = "<group>"; };
		D051D5D72C3B6AE70092B167 /* SFX_8.wav */ = {isa = PBXFileReference; lastKnownFileType = audio.wav; path = SFX_8.wav; sourceTree = "<group>"; };
		D051D5E22C3BD2750092B167 /* SoundManager.swift */ = {isa = PBXFileReference; lastKnownFileType = sourcecode.swift; path = SoundManager.swift; sourceTree = "<group>"; };
		D051D5E42C3BD5F00092B167 /* HapticFeedbackManager.swift */ = {isa = PBXFileReference; lastKnownFileType = sourcecode.swift; path = HapticFeedbackManager.swift; sourceTree = "<group>"; };
		D051D5EA2C3BF4A30092B167 /* OnBoardingView.swift */ = {isa = PBXFileReference; lastKnownFileType = sourcecode.swift; path = OnBoardingView.swift; sourceTree = "<group>"; };
		D051D5EC2C3BF4B90092B167 /* OnBoardingCard.swift */ = {isa = PBXFileReference; lastKnownFileType = sourcecode.swift; path = OnBoardingCard.swift; sourceTree = "<group>"; };
		D051D5F02C3BF51F0092B167 /* SnapShotThumbnail.swift */ = {isa = PBXFileReference; lastKnownFileType = sourcecode.swift; path = SnapShotThumbnail.swift; sourceTree = "<group>"; };
		D051D5F22C3BF53F0092B167 /* SessionInfo.swift */ = {isa = PBXFileReference; lastKnownFileType = sourcecode.swift; path = SessionInfo.swift; sourceTree = "<group>"; };
		D051D5F42C3BF5640092B167 /* SaveLoadButton.swift */ = {isa = PBXFileReference; lastKnownFileType = sourcecode.swift; path = SaveLoadButton.swift; sourceTree = "<group>"; };
		D051D5F82C3BF5B60092B167 /* SnapshotAnchor.swift */ = {isa = PBXFileReference; lastKnownFileType = sourcecode.swift; path = SnapshotAnchor.swift; sourceTree = "<group>"; };
		D051D5FA2C3BF5E30092B167 /* Extensions.swift */ = {isa = PBXFileReference; lastKnownFileType = sourcecode.swift; path = Extensions.swift; sourceTree = "<group>"; };
		D051D5FC2C3BF60C0092B167 /* MetalLibLoader.swift */ = {isa = PBXFileReference; lastKnownFileType = sourcecode.swift; path = MetalLibLoader.swift; sourceTree = "<group>"; };
		D051D5FE2C3BF6400092B167 /* Functional.swift */ = {isa = PBXFileReference; lastKnownFileType = sourcecode.swift; path = Functional.swift; sourceTree = "<group>"; };
		D0A94ADD2C42EECA0063D11B /* FileManagerExtension.swift */ = {isa = PBXFileReference; lastKnownFileType = sourcecode.swift; path = FileManagerExtension.swift; sourceTree = "<group>"; };
		D0A94ADF2C43C6870063D11B /* CustomARView+Particles.swift */ = {isa = PBXFileReference; lastKnownFileType = sourcecode.swift; path = "CustomARView+Particles.swift"; sourceTree = "<group>"; };
		D0A94AE12C43C7070063D11B /* CustomARView+Effects.swift */ = {isa = PBXFileReference; lastKnownFileType = sourcecode.swift; path = "CustomARView+Effects.swift"; sourceTree = "<group>"; };
		D0A94AE32C43C7E10063D11B /* CustomARView+Timer.swift */ = {isa = PBXFileReference; lastKnownFileType = sourcecode.swift; path = "CustomARView+Timer.swift"; sourceTree = "<group>"; };
		D0DA75F72C38822000CF421D /* CustomARView.swift */ = {isa = PBXFileReference; lastKnownFileType = sourcecode.swift; path = CustomARView.swift; sourceTree = "<group>"; };
		D0DA75F82C38822000CF421D /* CustomARView+Gesture.swift */ = {isa = PBXFileReference; lastKnownFileType = sourcecode.swift; path = "CustomARView+Gesture.swift"; sourceTree = "<group>"; };
		D0DA75F92C38822000CF421D /* CustomARView+Session.swift */ = {isa = PBXFileReference; lastKnownFileType = sourcecode.swift; path = "CustomARView+Session.swift"; sourceTree = "<group>"; };
		D0DA75FA2C38822000CF421D /* CustomARView+Persistence.swift */ = {isa = PBXFileReference; lastKnownFileType = sourcecode.swift; path = "CustomARView+Persistence.swift"; sourceTree = "<group>"; };
		D0DA75FB2C38822000CF421D /* CustomARView+Render.swift */ = {isa = PBXFileReference; lastKnownFileType = sourcecode.swift; path = "CustomARView+Render.swift"; sourceTree = "<group>"; };
		D0DA76032C3882CC00CF421D /* SaveLoadState.swift */ = {isa = PBXFileReference; lastKnownFileType = sourcecode.swift; path = SaveLoadState.swift; sourceTree = "<group>"; };
		D0DA76042C3882CC00CF421D /* ARState.swift */ = {isa = PBXFileReference; lastKnownFileType = sourcecode.swift; path = ARState.swift; sourceTree = "<group>"; };
		D0DA76052C3882CC00CF421D /* ButtonState.swift */ = {isa = PBXFileReference; lastKnownFileType = sourcecode.swift; path = ButtonState.swift; sourceTree = "<group>"; };
		D0DA76072C3882CC00CF421D /* OnBoardingItem.swift */ = {isa = PBXFileReference; lastKnownFileType = sourcecode.swift; path = OnBoardingItem.swift; sourceTree = "<group>"; };
		D0DA76082C3882CC00CF421D /* OnBoardingData.swift */ = {isa = PBXFileReference; lastKnownFileType = sourcecode.swift; path = OnBoardingData.swift; sourceTree = "<group>"; };
		D0DA762A2C39BC6C00CF421D /* ControlView.swift */ = {isa = PBXFileReference; lastKnownFileType = sourcecode.swift; path = ControlView.swift; sourceTree = "<group>"; };
		D0DA762C2C3A028A00CF421D /* SessionSettings.swift */ = {isa = PBXFileReference; lastKnownFileType = sourcecode.swift; path = SessionSettings.swift; sourceTree = "<group>"; };
		D0DA762E2C3A039000CF421D /* SettingsView.swift */ = {isa = PBXFileReference; lastKnownFileType = sourcecode.swift; path = SettingsView.swift; sourceTree = "<group>"; };
/* End PBXFileReference section */

/* Begin PBXFileSystemSynchronizedBuildFileExceptionSet section */
		D0A94AE62C43C8A90063D11B /* PBXFileSystemSynchronizedBuildFileExceptionSet */ = {
			isa = PBXFileSystemSynchronizedBuildFileExceptionSet;
			membershipExceptions = (
				plant1.usdz,
				plant2.usdz,
				plant3.usdz,
			);
			target = D04486142C3333710078C27F /* Magical Garden */;
		};
/* End PBXFileSystemSynchronizedBuildFileExceptionSet section */

/* Begin PBXFileSystemSynchronizedRootGroup section */
		D0A94AE52C43C8A20063D11B /* Models */ = {isa = PBXFileSystemSynchronizedRootGroup; exceptions = (D0A94AE62C43C8A90063D11B /* PBXFileSystemSynchronizedBuildFileExceptionSet */, ); explicitFileTypes = {}; explicitFolders = (); path = Models; sourceTree = "<group>"; };
/* End PBXFileSystemSynchronizedRootGroup section */

/* Begin PBXFrameworksBuildPhase section */
		D04486122C3333710078C27F /* Frameworks */ = {
			isa = PBXFrameworksBuildPhase;
			buildActionMask = 2147483647;
			files = (
				D0301BBD2C3B082D00ABA177 /* TextEntity in Frameworks */,
				D04486572C33E9DB0078C27F /* FocusEntity in Frameworks */,
			);
			runOnlyForDeploymentPostprocessing = 0;
		};
		D04486222C3333740078C27F /* Frameworks */ = {
			isa = PBXFrameworksBuildPhase;
			buildActionMask = 2147483647;
			files = (
			);
			runOnlyForDeploymentPostprocessing = 0;
		};
		D044862C2C3333740078C27F /* Frameworks */ = {
			isa = PBXFrameworksBuildPhase;
			buildActionMask = 2147483647;
			files = (
			);
			runOnlyForDeploymentPostprocessing = 0;
		};
/* End PBXFrameworksBuildPhase section */

/* Begin PBXGroup section */
		D00A1E992C3A77A20029F340 /* PostProcess */ = {
			isa = PBXGroup;
			children = (
				D00A1E972C3A77A20029F340 /* PostProcess.swift */,
				D00A1E942C3A77A20029F340 /* Filter.swift */,
				D00A1E952C3A77A20029F340 /* FunctionConstants.swift */,
				D051D5FE2C3BF6400092B167 /* Functional.swift */,
				D00A1E982C3A77A20029F340 /* PostProcess.metal */,
			);
			path = PostProcess;
			sourceTree = "<group>";
		};
		D00A1EA22C3A77F20029F340 /* Helpers */ = {
			isa = PBXGroup;
			children = (
				D051D5E22C3BD2750092B167 /* SoundManager.swift */,
				D051D5E42C3BD5F00092B167 /* HapticFeedbackManager.swift */,
				D0DA762C2C3A028A00CF421D /* SessionSettings.swift */,
				D051D5F82C3BF5B60092B167 /* SnapshotAnchor.swift */,
				D051D5FA2C3BF5E30092B167 /* Extensions.swift */,
				D051D5FC2C3BF60C0092B167 /* MetalLibLoader.swift */,
				D0A94ADD2C42EECA0063D11B /* FileManagerExtension.swift */,
			);
			path = Helpers;
			sourceTree = "<group>";
		};
		D044860C2C3333710078C27F = {
			isa = PBXGroup;
			children = (
				D04486172C3333710078C27F /* Magical Garden */,
				D044861C2C3333730078C27F /* Assets.xcassets */,
				D044861E2C3333730078C27F /* Preview Content */,
				D04486282C3333740078C27F /* Magical GardenTests */,
				D04486322C3333740078C27F /* Magical GardenUITests */,
				D04486162C3333710078C27F /* Products */,
			);
			sourceTree = "<group>";
		};
		D04486162C3333710078C27F /* Products */ = {
			isa = PBXGroup;
			children = (
				D04486152C3333710078C27F /* Magical Garden.app */,
				D04486252C3333740078C27F /* Magical GardenTests.xctest */,
				D044862F2C3333740078C27F /* Magical GardenUITests.xctest */,
			);
			name = Products;
			sourceTree = "<group>";
		};
		D04486172C3333710078C27F /* Magical Garden */ = {
			isa = PBXGroup;
			children = (
				D0301BB92C3AE4F300ABA177 /* Magical-Garden-Info.plist */,
				D04486182C3333710078C27F /* AppDelegate.swift */,
				D044861A2C3333710078C27F /* ContentView.swift */,
				D0DA75FC2C38822000CF421D /* CustomARView */,
				D0DA76182C3882F400CF421D /* Views */,
				D0DA76092C3882CC00CF421D /* Model */,
				D00A1E992C3A77A20029F340 /* PostProcess */,
				D00A1EA22C3A77F20029F340 /* Helpers */,
				D051D6002C3C75AD0092B167 /* OnBoarding */,
				D051D5D82C3B6AE70092B167 /* Audio FX */,
				D0A94AE52C43C8A20063D11B /* Models */,
			);
			path = "Magical Garden";
			sourceTree = "<group>";
		};
		D044861E2C3333730078C27F /* Preview Content */ = {
			isa = PBXGroup;
			children = (
				D044861F2C3333730078C27F /* Preview Assets.xcassets */,
			);
			path = "Preview Content";
			sourceTree = "<group>";
		};
		D04486282C3333740078C27F /* Magical GardenTests */ = {
			isa = PBXGroup;
			children = (
				D04486292C3333740078C27F /* Magical_GardenTests.swift */,
			);
			path = "Magical GardenTests";
			sourceTree = "<group>";
		};
		D04486322C3333740078C27F /* Magical GardenUITests */ = {
			isa = PBXGroup;
			children = (
				D04486332C3333740078C27F /* Magical_GardenUITests.swift */,
				D04486352C3333740078C27F /* Magical_GardenUITestsLaunchTests.swift */,
			);
			path = "Magical GardenUITests";
			sourceTree = "<group>";
		};
		D051D5D82C3B6AE70092B167 /* Audio FX */ = {
			isa = PBXGroup;
			children = (
				D051D5CF2C3B6AE70092B167 /* Music.wav */,
				D051D5D02C3B6AE70092B167 /* SFX_1.wav */,
				D051D5D12C3B6AE70092B167 /* SFX_2.wav */,
				D051D5D22C3B6AE70092B167 /* SFX_3.wav */,
				D051D5D32C3B6AE70092B167 /* SFX_4.wav */,
				D051D5D42C3B6AE70092B167 /* SFX_5.wav */,
				D051D5D52C3B6AE70092B167 /* SFX_6.wav */,
				D051D5D62C3B6AE70092B167 /* SFX_7.wav */,
				D051D5D72C3B6AE70092B167 /* SFX_8.wav */,
			);
			path = "Audio FX";
			sourceTree = "<group>";
		};
		D051D6002C3C75AD0092B167 /* OnBoarding */ = {
			isa = PBXGroup;
			children = (
				D051D5EA2C3BF4A30092B167 /* OnBoardingView.swift */,
				D051D5EC2C3BF4B90092B167 /* OnBoardingCard.swift */,
				D0DA76072C3882CC00CF421D /* OnBoardingItem.swift */,
				D0DA76082C3882CC00CF421D /* OnBoardingData.swift */,
			);
			path = OnBoarding;
			sourceTree = "<group>";
		};
		D051D6012C3D01F90092B167 /* Control UI */ = {
			isa = PBXGroup;
			children = (
				D0DA762A2C39BC6C00CF421D /* ControlView.swift */,
				D0DA762E2C3A039000CF421D /* SettingsView.swift */,
			);
			path = "Control UI";
			sourceTree = "<group>";
		};
		D0DA75FC2C38822000CF421D /* CustomARView */ = {
			isa = PBXGroup;
			children = (
				D0DA75F72C38822000CF421D /* CustomARView.swift */,
				D04486532C33DF860078C27F /* ARManager.swift */,
				D0DA75F82C38822000CF421D /* CustomARView+Gesture.swift */,
				D0DA75F92C38822000CF421D /* CustomARView+Session.swift */,
				D0DA75FA2C38822000CF421D /* CustomARView+Persistence.swift */,
				D0DA75FB2C38822000CF421D /* CustomARView+Render.swift */,
				D0A94ADF2C43C6870063D11B /* CustomARView+Particles.swift */,
				D0A94AE12C43C7070063D11B /* CustomARView+Effects.swift */,
				D0A94AE32C43C7E10063D11B /* CustomARView+Timer.swift */,
			);
			path = CustomARView;
			sourceTree = "<group>";
		};
		D0DA76092C3882CC00CF421D /* Model */ = {
			isa = PBXGroup;
			children = (
				D0DA76032C3882CC00CF421D /* SaveLoadState.swift */,
				D0DA76042C3882CC00CF421D /* ARState.swift */,
				D0DA76052C3882CC00CF421D /* ButtonState.swift */,
			);
			path = Model;
			sourceTree = "<group>";
		};
		D0DA76182C3882F400CF421D /* Views */ = {
			isa = PBXGroup;
			children = (
				D051D6012C3D01F90092B167 /* Control UI */,
				D051D5F02C3BF51F0092B167 /* SnapShotThumbnail.swift */,
				D051D5F22C3BF53F0092B167 /* SessionInfo.swift */,
				D051D5F42C3BF5640092B167 /* SaveLoadButton.swift */,
			);
			path = Views;
			sourceTree = "<group>";
		};
/* End PBXGroup section */

/* Begin PBXNativeTarget section */
		D04486142C3333710078C27F /* Magical Garden */ = {
			isa = PBXNativeTarget;
			buildConfigurationList = D04486392C3333740078C27F /* Build configuration list for PBXNativeTarget "Magical Garden" */;
			buildPhases = (
				D04486112C3333710078C27F /* Sources */,
				D04486122C3333710078C27F /* Frameworks */,
				D04486132C3333710078C27F /* Resources */,
			);
			buildRules = (
			);
			dependencies = (
			);
			name = "Magical Garden";
			packageProductDependencies = (
				D04486562C33E9DB0078C27F /* FocusEntity */,
				D0301BBC2C3B082D00ABA177 /* TextEntity */,
			);
			productName = "Magical Garden";
			productReference = D04486152C3333710078C27F /* Magical Garden.app */;
			productType = "com.apple.product-type.application";
		};
		D04486242C3333740078C27F /* Magical GardenTests */ = {
			isa = PBXNativeTarget;
			buildConfigurationList = D044863C2C3333740078C27F /* Build configuration list for PBXNativeTarget "Magical GardenTests" */;
			buildPhases = (
				D04486212C3333740078C27F /* Sources */,
				D04486222C3333740078C27F /* Frameworks */,
				D04486232C3333740078C27F /* Resources */,
			);
			buildRules = (
			);
			dependencies = (
				D04486272C3333740078C27F /* PBXTargetDependency */,
			);
			name = "Magical GardenTests";
			productName = "Magical GardenTests";
			productReference = D04486252C3333740078C27F /* Magical GardenTests.xctest */;
			productType = "com.apple.product-type.bundle.unit-test";
		};
		D044862E2C3333740078C27F /* Magical GardenUITests */ = {
			isa = PBXNativeTarget;
			buildConfigurationList = D044863F2C3333740078C27F /* Build configuration list for PBXNativeTarget "Magical GardenUITests" */;
			buildPhases = (
				D044862B2C3333740078C27F /* Sources */,
				D044862C2C3333740078C27F /* Frameworks */,
				D044862D2C3333740078C27F /* Resources */,
			);
			buildRules = (
			);
			dependencies = (
				D04486312C3333740078C27F /* PBXTargetDependency */,
			);
			name = "Magical GardenUITests";
			productName = "Magical GardenUITests";
			productReference = D044862F2C3333740078C27F /* Magical GardenUITests.xctest */;
			productType = "com.apple.product-type.bundle.ui-testing";
		};
/* End PBXNativeTarget section */

/* Begin PBXProject section */
		D044860D2C3333710078C27F /* Project object */ = {
			isa = PBXProject;
			attributes = {
				BuildIndependentTargetsInParallel = 1;
				LastSwiftUpdateCheck = 1600;
				LastUpgradeCheck = 1600;
				TargetAttributes = {
					D04486142C3333710078C27F = {
						CreatedOnToolsVersion = 16.0;
					};
					D04486242C3333740078C27F = {
						CreatedOnToolsVersion = 16.0;
						TestTargetID = D04486142C3333710078C27F;
					};
					D044862E2C3333740078C27F = {
						CreatedOnToolsVersion = 16.0;
						TestTargetID = D04486142C3333710078C27F;
					};
				};
			};
			buildConfigurationList = D04486102C3333710078C27F /* Build configuration list for PBXProject "Magical Garden" */;
			compatibilityVersion = "Xcode 15.0";
			developmentRegion = en;
			hasScannedForEncodings = 0;
			knownRegions = (
				en,
				Base,
			);
			mainGroup = D044860C2C3333710078C27F;
			packageReferences = (
				D04486552C33E9470078C27F /* XCRemoteSwiftPackageReference "FocusEntity" */,
				D0301BBA2C3B081900ABA177 /* XCRemoteSwiftPackageReference "RealityKit-Text" */,
			);
			productRefGroup = D04486162C3333710078C27F /* Products */;
			projectDirPath = "";
			projectRoot = "";
			targets = (
				D04486142C3333710078C27F /* Magical Garden */,
				D04486242C3333740078C27F /* Magical GardenTests */,
				D044862E2C3333740078C27F /* Magical GardenUITests */,
			);
		};
/* End PBXProject section */

/* Begin PBXResourcesBuildPhase section */
		D04486132C3333710078C27F /* Resources */ = {
			isa = PBXResourcesBuildPhase;
			buildActionMask = 2147483647;
			files = (
				D04486202C3333730078C27F /* Preview Assets.xcassets in Resources */,
				D051D5D92C3B6AE70092B167 /* SFX_3.wav in Resources */,
				D051D5DA2C3B6AE70092B167 /* Music.wav in Resources */,
				D051D5DB2C3B6AE70092B167 /* SFX_7.wav in Resources */,
				D051D5DC2C3B6AE70092B167 /* SFX_4.wav in Resources */,
				D051D5DD2C3B6AE70092B167 /* SFX_5.wav in Resources */,
				D051D5DE2C3B6AE70092B167 /* SFX_8.wav in Resources */,
				D051D5DF2C3B6AE70092B167 /* SFX_2.wav in Resources */,
				D051D5E02C3B6AE70092B167 /* SFX_1.wav in Resources */,
				D051D5E12C3B6AE70092B167 /* SFX_6.wav in Resources */,
				D044861D2C3333730078C27F /* Assets.xcassets in Resources */,
			);
			runOnlyForDeploymentPostprocessing = 0;
		};
		D04486232C3333740078C27F /* Resources */ = {
			isa = PBXResourcesBuildPhase;
			buildActionMask = 2147483647;
			files = (
			);
			runOnlyForDeploymentPostprocessing = 0;
		};
		D044862D2C3333740078C27F /* Resources */ = {
			isa = PBXResourcesBuildPhase;
			buildActionMask = 2147483647;
			files = (
			);
			runOnlyForDeploymentPostprocessing = 0;
		};
/* End PBXResourcesBuildPhase section */

/* Begin PBXSourcesBuildPhase section */
		D04486112C3333710078C27F /* Sources */ = {
			isa = PBXSourcesBuildPhase;
			buildActionMask = 2147483647;
			files = (
				D0DA760A2C3882CC00CF421D /* SaveLoadState.swift in Sources */,
				D0A94ADE2C42EECA0063D11B /* FileManagerExtension.swift in Sources */,
				D0DA760C2C3882CC00CF421D /* OnBoardingItem.swift in Sources */,
				D0DA760D2C3882CC00CF421D /* ARState.swift in Sources */,
				D0DA760E2C3882CC00CF421D /* OnBoardingData.swift in Sources */,
				D051D5FF2C3BF6400092B167 /* Functional.swift in Sources */,
				D0DA760F2C3882CC00CF421D /* ButtonState.swift in Sources */,
				D04486542C33DF860078C27F /* ARManager.swift in Sources */,
				D044861B2C3333710078C27F /* ContentView.swift in Sources */,
				D0DA75FD2C38822000CF421D /* CustomARView+Persistence.swift in Sources */,
				D0A94AE42C43C7E10063D11B /* CustomARView+Timer.swift in Sources */,
				D0DA75FE2C38822000CF421D /* CustomARView+Render.swift in Sources */,
				D0DA75FF2C38822000CF421D /* CustomARView.swift in Sources */,
				D051D5ED2C3BF4B90092B167 /* OnBoardingCard.swift in Sources */,
				D051D5E32C3BD2750092B167 /* SoundManager.swift in Sources */,
				D051D5FB2C3BF5E30092B167 /* Extensions.swift in Sources */,
				D051D5F32C3BF53F0092B167 /* SessionInfo.swift in Sources */,
				D051D5FD2C3BF60C0092B167 /* MetalLibLoader.swift in Sources */,
				D051D5EB2C3BF4A30092B167 /* OnBoardingView.swift in Sources */,
				D051D5F92C3BF5B60092B167 /* SnapshotAnchor.swift in Sources */,
				D0DA762F2C3A039000CF421D /* SettingsView.swift in Sources */,
				D00A1E9A2C3A77A20029F340 /* PostProcess.swift in Sources */,
				D051D5E52C3BD5F00092B167 /* HapticFeedbackManager.swift in Sources */,
				D0A94AE02C43C6870063D11B /* CustomARView+Particles.swift in Sources */,
				D00A1E9B2C3A77A20029F340 /* Filter.swift in Sources */,
				D00A1E9C2C3A77A20029F340 /* PostProcess.metal in Sources */,
				D00A1E9D2C3A77A20029F340 /* FunctionConstants.swift in Sources */,
				D051D5F12C3BF51F0092B167 /* SnapShotThumbnail.swift in Sources */,
				D0DA762B2C39BC6C00CF421D /* ControlView.swift in Sources */,
				D0DA76002C38822000CF421D /* CustomARView+Session.swift in Sources */,
				D0A94AE22C43C7070063D11B /* CustomARView+Effects.swift in Sources */,
				D0DA76012C38822000CF421D /* CustomARView+Gesture.swift in Sources */,
				D04486192C3333710078C27F /* AppDelegate.swift in Sources */,
				D051D5F52C3BF5640092B167 /* SaveLoadButton.swift in Sources */,
				D0DA762D2C3A028A00CF421D /* SessionSettings.swift in Sources */,
			);
			runOnlyForDeploymentPostprocessing = 0;
		};
		D04486212C3333740078C27F /* Sources */ = {
			isa = PBXSourcesBuildPhase;
			buildActionMask = 2147483647;
			files = (
				D044862A2C3333740078C27F /* Magical_GardenTests.swift in Sources */,
			);
			runOnlyForDeploymentPostprocessing = 0;
		};
		D044862B2C3333740078C27F /* Sources */ = {
			isa = PBXSourcesBuildPhase;
			buildActionMask = 2147483647;
			files = (
				D04486362C3333740078C27F /* Magical_GardenUITestsLaunchTests.swift in Sources */,
				D04486342C3333740078C27F /* Magical_GardenUITests.swift in Sources */,
			);
			runOnlyForDeploymentPostprocessing = 0;
		};
/* End PBXSourcesBuildPhase section */

/* Begin PBXTargetDependency section */
		D04486272C3333740078C27F /* PBXTargetDependency */ = {
			isa = PBXTargetDependency;
			target = D04486142C3333710078C27F /* Magical Garden */;
			targetProxy = D04486262C3333740078C27F /* PBXContainerItemProxy */;
		};
		D04486312C3333740078C27F /* PBXTargetDependency */ = {
			isa = PBXTargetDependency;
			target = D04486142C3333710078C27F /* Magical Garden */;
			targetProxy = D04486302C3333740078C27F /* PBXContainerItemProxy */;
		};
/* End PBXTargetDependency section */

/* Begin XCBuildConfiguration section */
		D04486372C3333740078C27F /* Debug */ = {
			isa = XCBuildConfiguration;
			buildSettings = {
				ALWAYS_SEARCH_USER_PATHS = NO;
				ASSETCATALOG_COMPILER_GENERATE_SWIFT_ASSET_SYMBOL_EXTENSIONS = YES;
				CLANG_ANALYZER_NONNULL = YES;
				CLANG_ANALYZER_NUMBER_OBJECT_CONVERSION = YES_AGGRESSIVE;
				CLANG_CXX_LANGUAGE_STANDARD = "gnu++20";
				CLANG_ENABLE_MODULES = YES;
				CLANG_ENABLE_OBJC_ARC = YES;
				CLANG_ENABLE_OBJC_WEAK = YES;
				CLANG_WARN_BLOCK_CAPTURE_AUTORELEASING = YES;
				CLANG_WARN_BOOL_CONVERSION = YES;
				CLANG_WARN_COMMA = YES;
				CLANG_WARN_CONSTANT_CONVERSION = YES;
				CLANG_WARN_DEPRECATED_OBJC_IMPLEMENTATIONS = YES;
				CLANG_WARN_DIRECT_OBJC_ISA_USAGE = YES_ERROR;
				CLANG_WARN_DOCUMENTATION_COMMENTS = YES;
				CLANG_WARN_EMPTY_BODY = YES;
				CLANG_WARN_ENUM_CONVERSION = YES;
				CLANG_WARN_INFINITE_RECURSION = YES;
				CLANG_WARN_INT_CONVERSION = YES;
				CLANG_WARN_NON_LITERAL_NULL_CONVERSION = YES;
				CLANG_WARN_OBJC_IMPLICIT_RETAIN_SELF = YES;
				CLANG_WARN_OBJC_LITERAL_CONVERSION = YES;
				CLANG_WARN_OBJC_ROOT_CLASS = YES_ERROR;
				CLANG_WARN_QUOTED_INCLUDE_IN_FRAMEWORK_HEADER = YES;
				CLANG_WARN_RANGE_LOOP_ANALYSIS = YES;
				CLANG_WARN_STRICT_PROTOTYPES = YES;
				CLANG_WARN_SUSPICIOUS_MOVE = YES;
				CLANG_WARN_UNGUARDED_AVAILABILITY = YES_AGGRESSIVE;
				CLANG_WARN_UNREACHABLE_CODE = YES;
				CLANG_WARN__DUPLICATE_METHOD_MATCH = YES;
				COPY_PHASE_STRIP = NO;
				DEBUG_INFORMATION_FORMAT = dwarf;
				ENABLE_STRICT_OBJC_MSGSEND = YES;
				ENABLE_TESTABILITY = YES;
				ENABLE_USER_SCRIPT_SANDBOXING = YES;
				GCC_C_LANGUAGE_STANDARD = gnu17;
				GCC_DYNAMIC_NO_PIC = NO;
				GCC_NO_COMMON_BLOCKS = YES;
				GCC_OPTIMIZATION_LEVEL = 0;
				GCC_PREPROCESSOR_DEFINITIONS = (
					"DEBUG=1",
					"$(inherited)",
				);
				GCC_WARN_64_TO_32_BIT_CONVERSION = YES;
				GCC_WARN_ABOUT_RETURN_TYPE = YES_ERROR;
				GCC_WARN_UNDECLARED_SELECTOR = YES;
				GCC_WARN_UNINITIALIZED_AUTOS = YES_AGGRESSIVE;
				GCC_WARN_UNUSED_FUNCTION = YES;
				GCC_WARN_UNUSED_VARIABLE = YES;
				IPHONEOS_DEPLOYMENT_TARGET = 18.0;
				LOCALIZATION_PREFERS_STRING_CATALOGS = YES;
				MTL_ENABLE_DEBUG_INFO = INCLUDE_SOURCE;
				MTL_FAST_MATH = YES;
				ONLY_ACTIVE_ARCH = YES;
				SDKROOT = iphoneos;
				SWIFT_ACTIVE_COMPILATION_CONDITIONS = "DEBUG $(inherited)";
				SWIFT_OPTIMIZATION_LEVEL = "-Onone";
			};
			name = Debug;
		};
		D04486382C3333740078C27F /* Release */ = {
			isa = XCBuildConfiguration;
			buildSettings = {
				ALWAYS_SEARCH_USER_PATHS = NO;
				ASSETCATALOG_COMPILER_GENERATE_SWIFT_ASSET_SYMBOL_EXTENSIONS = YES;
				CLANG_ANALYZER_NONNULL = YES;
				CLANG_ANALYZER_NUMBER_OBJECT_CONVERSION = YES_AGGRESSIVE;
				CLANG_CXX_LANGUAGE_STANDARD = "gnu++20";
				CLANG_ENABLE_MODULES = YES;
				CLANG_ENABLE_OBJC_ARC = YES;
				CLANG_ENABLE_OBJC_WEAK = YES;
				CLANG_WARN_BLOCK_CAPTURE_AUTORELEASING = YES;
				CLANG_WARN_BOOL_CONVERSION = YES;
				CLANG_WARN_COMMA = YES;
				CLANG_WARN_CONSTANT_CONVERSION = YES;
				CLANG_WARN_DEPRECATED_OBJC_IMPLEMENTATIONS = YES;
				CLANG_WARN_DIRECT_OBJC_ISA_USAGE = YES_ERROR;
				CLANG_WARN_DOCUMENTATION_COMMENTS = YES;
				CLANG_WARN_EMPTY_BODY = YES;
				CLANG_WARN_ENUM_CONVERSION = YES;
				CLANG_WARN_INFINITE_RECURSION = YES;
				CLANG_WARN_INT_CONVERSION = YES;
				CLANG_WARN_NON_LITERAL_NULL_CONVERSION = YES;
				CLANG_WARN_OBJC_IMPLICIT_RETAIN_SELF = YES;
				CLANG_WARN_OBJC_LITERAL_CONVERSION = YES;
				CLANG_WARN_OBJC_ROOT_CLASS = YES_ERROR;
				CLANG_WARN_QUOTED_INCLUDE_IN_FRAMEWORK_HEADER = YES;
				CLANG_WARN_RANGE_LOOP_ANALYSIS = YES;
				CLANG_WARN_STRICT_PROTOTYPES = YES;
				CLANG_WARN_SUSPICIOUS_MOVE = YES;
				CLANG_WARN_UNGUARDED_AVAILABILITY = YES_AGGRESSIVE;
				CLANG_WARN_UNREACHABLE_CODE = YES;
				CLANG_WARN__DUPLICATE_METHOD_MATCH = YES;
				COPY_PHASE_STRIP = NO;
				DEBUG_INFORMATION_FORMAT = "dwarf-with-dsym";
				ENABLE_NS_ASSERTIONS = NO;
				ENABLE_STRICT_OBJC_MSGSEND = YES;
				ENABLE_USER_SCRIPT_SANDBOXING = YES;
				GCC_C_LANGUAGE_STANDARD = gnu17;
				GCC_NO_COMMON_BLOCKS = YES;
				GCC_WARN_64_TO_32_BIT_CONVERSION = YES;
				GCC_WARN_ABOUT_RETURN_TYPE = YES_ERROR;
				GCC_WARN_UNDECLARED_SELECTOR = YES;
				GCC_WARN_UNINITIALIZED_AUTOS = YES_AGGRESSIVE;
				GCC_WARN_UNUSED_FUNCTION = YES;
				GCC_WARN_UNUSED_VARIABLE = YES;
				IPHONEOS_DEPLOYMENT_TARGET = 18.0;
				LOCALIZATION_PREFERS_STRING_CATALOGS = YES;
				MTL_ENABLE_DEBUG_INFO = NO;
				MTL_FAST_MATH = YES;
				SDKROOT = iphoneos;
				SWIFT_COMPILATION_MODE = wholemodule;
				VALIDATE_PRODUCT = YES;
			};
			name = Release;
		};
		D044863A2C3333740078C27F /* Debug */ = {
			isa = XCBuildConfiguration;
			buildSettings = {
				ASSETCATALOG_COMPILER_APPICON_NAME = AppIcon;
				ASSETCATALOG_COMPILER_GLOBAL_ACCENT_COLOR_NAME = AccentColor;
				CODE_SIGN_STYLE = Automatic;
				CURRENT_PROJECT_VERSION = 1;
				DEVELOPMENT_ASSET_PATHS = "";
				DEVELOPMENT_TEAM = 5FDLG4RNFN;
				ENABLE_PREVIEWS = YES;
				GENERATE_INFOPLIST_FILE = YES;
				INFOPLIST_FILE = "Magical-Garden-Info.plist";
				INFOPLIST_KEY_NSCameraUsageDescription = "";
				INFOPLIST_KEY_UIApplicationSupportsIndirectInputEvents = YES;
				INFOPLIST_KEY_UILaunchScreen_Generation = YES;
				INFOPLIST_KEY_UIRequiredDeviceCapabilities = arkit;
				INFOPLIST_KEY_UIStatusBarHidden = YES;
				INFOPLIST_KEY_UISupportedInterfaceOrientations = UIInterfaceOrientationPortrait;
				INFOPLIST_KEY_UISupportedInterfaceOrientations_iPad = "UIInterfaceOrientationLandscapeLeft UIInterfaceOrientationLandscapeRight UIInterfaceOrientationPortrait UIInterfaceOrientationPortraitUpsideDown";
				IPHONEOS_DEPLOYMENT_TARGET = 17.0;
				LD_RUNPATH_SEARCH_PATHS = (
					"$(inherited)",
					"@executable_path/Frameworks",
				);
				MARKETING_VERSION = 1.0;
				PRODUCT_BUNDLE_IDENTIFIER = "it.academy.jkeraa.Magical-Garden";
				PRODUCT_NAME = "$(TARGET_NAME)";
				SUPPORTED_PLATFORMS = "iphoneos iphonesimulator";
				SUPPORTS_MACCATALYST = NO;
				SUPPORTS_MAC_DESIGNED_FOR_IPHONE_IPAD = NO;
				SUPPORTS_XR_DESIGNED_FOR_IPHONE_IPAD = NO;
				SWIFT_EMIT_LOC_STRINGS = YES;
				SWIFT_VERSION = 5.0;
				TARGETED_DEVICE_FAMILY = 1;
			};
			name = Debug;
		};
		D044863B2C3333740078C27F /* Release */ = {
			isa = XCBuildConfiguration;
			buildSettings = {
				ASSETCATALOG_COMPILER_APPICON_NAME = AppIcon;
				ASSETCATALOG_COMPILER_GLOBAL_ACCENT_COLOR_NAME = AccentColor;
				CODE_SIGN_STYLE = Automatic;
				CURRENT_PROJECT_VERSION = 1;
				DEVELOPMENT_ASSET_PATHS = "";
				DEVELOPMENT_TEAM = 5FDLG4RNFN;
				ENABLE_PREVIEWS = YES;
				GENERATE_INFOPLIST_FILE = YES;
				INFOPLIST_FILE = "Magical-Garden-Info.plist";
				INFOPLIST_KEY_NSCameraUsageDescription = "";
				INFOPLIST_KEY_UIApplicationSupportsIndirectInputEvents = YES;
				INFOPLIST_KEY_UILaunchScreen_Generation = YES;
				INFOPLIST_KEY_UIRequiredDeviceCapabilities = arkit;
				INFOPLIST_KEY_UIStatusBarHidden = YES;
				INFOPLIST_KEY_UISupportedInterfaceOrientations = UIInterfaceOrientationPortrait;
				INFOPLIST_KEY_UISupportedInterfaceOrientations_iPad = "UIInterfaceOrientationLandscapeLeft UIInterfaceOrientationLandscapeRight UIInterfaceOrientationPortrait UIInterfaceOrientationPortraitUpsideDown";
				IPHONEOS_DEPLOYMENT_TARGET = 17.0;
				LD_RUNPATH_SEARCH_PATHS = (
					"$(inherited)",
					"@executable_path/Frameworks",
				);
				MARKETING_VERSION = 1.0;
				PRODUCT_BUNDLE_IDENTIFIER = "it.academy.jkeraa.Magical-Garden";
				PRODUCT_NAME = "$(TARGET_NAME)";
				SUPPORTED_PLATFORMS = "iphoneos iphonesimulator";
				SUPPORTS_MACCATALYST = NO;
				SUPPORTS_MAC_DESIGNED_FOR_IPHONE_IPAD = NO;
				SUPPORTS_XR_DESIGNED_FOR_IPHONE_IPAD = NO;
				SWIFT_EMIT_LOC_STRINGS = YES;
				SWIFT_VERSION = 5.0;
				TARGETED_DEVICE_FAMILY = 1;
			};
			name = Release;
		};
		D044863D2C3333740078C27F /* Debug */ = {
			isa = XCBuildConfiguration;
			buildSettings = {
				BUNDLE_LOADER = "$(TEST_HOST)";
				CODE_SIGN_STYLE = Automatic;
				CURRENT_PROJECT_VERSION = 1;
				DEVELOPMENT_TEAM = 5FDLG4RNFN;
				GENERATE_INFOPLIST_FILE = YES;
				IPHONEOS_DEPLOYMENT_TARGET = 18.0;
				MARKETING_VERSION = 1.0;
				PRODUCT_BUNDLE_IDENTIFIER = "it.academy.jkeraa.Magical-GardenTests";
				PRODUCT_NAME = "$(TARGET_NAME)";
				SWIFT_EMIT_LOC_STRINGS = NO;
				SWIFT_VERSION = 5.0;
				TARGETED_DEVICE_FAMILY = "1,2";
				TEST_HOST = "$(BUILT_PRODUCTS_DIR)/Magical Garden.app/$(BUNDLE_EXECUTABLE_FOLDER_PATH)/Magical Garden";
			};
			name = Debug;
		};
		D044863E2C3333740078C27F /* Release */ = {
			isa = XCBuildConfiguration;
			buildSettings = {
				BUNDLE_LOADER = "$(TEST_HOST)";
				CODE_SIGN_STYLE = Automatic;
				CURRENT_PROJECT_VERSION = 1;
				DEVELOPMENT_TEAM = 5FDLG4RNFN;
				GENERATE_INFOPLIST_FILE = YES;
				IPHONEOS_DEPLOYMENT_TARGET = 18.0;
				MARKETING_VERSION = 1.0;
				PRODUCT_BUNDLE_IDENTIFIER = "it.academy.jkeraa.Magical-GardenTests";
				PRODUCT_NAME = "$(TARGET_NAME)";
				SWIFT_EMIT_LOC_STRINGS = NO;
				SWIFT_VERSION = 5.0;
				TARGETED_DEVICE_FAMILY = "1,2";
				TEST_HOST = "$(BUILT_PRODUCTS_DIR)/Magical Garden.app/$(BUNDLE_EXECUTABLE_FOLDER_PATH)/Magical Garden";
			};
			name = Release;
		};
		D04486402C3333740078C27F /* Debug */ = {
			isa = XCBuildConfiguration;
			buildSettings = {
				CODE_SIGN_STYLE = Automatic;
				CURRENT_PROJECT_VERSION = 1;
				DEVELOPMENT_TEAM = 5FDLG4RNFN;
				GENERATE_INFOPLIST_FILE = YES;
				MARKETING_VERSION = 1.0;
				PRODUCT_BUNDLE_IDENTIFIER = "it.academy.jkeraa.Magical-GardenUITests";
				PRODUCT_NAME = "$(TARGET_NAME)";
				SWIFT_EMIT_LOC_STRINGS = NO;
				SWIFT_VERSION = 5.0;
				TARGETED_DEVICE_FAMILY = "1,2";
				TEST_TARGET_NAME = "Magical Garden";
			};
			name = Debug;
		};
		D04486412C3333740078C27F /* Release */ = {
			isa = XCBuildConfiguration;
			buildSettings = {
				CODE_SIGN_STYLE = Automatic;
				CURRENT_PROJECT_VERSION = 1;
				DEVELOPMENT_TEAM = 5FDLG4RNFN;
				GENERATE_INFOPLIST_FILE = YES;
				MARKETING_VERSION = 1.0;
				PRODUCT_BUNDLE_IDENTIFIER = "it.academy.jkeraa.Magical-GardenUITests";
				PRODUCT_NAME = "$(TARGET_NAME)";
				SWIFT_EMIT_LOC_STRINGS = NO;
				SWIFT_VERSION = 5.0;
				TARGETED_DEVICE_FAMILY = "1,2";
				TEST_TARGET_NAME = "Magical Garden";
			};
			name = Release;
		};
/* End XCBuildConfiguration section */

/* Begin XCConfigurationList section */
		D04486102C3333710078C27F /* Build configuration list for PBXProject "Magical Garden" */ = {
			isa = XCConfigurationList;
			buildConfigurations = (
				D04486372C3333740078C27F /* Debug */,
				D04486382C3333740078C27F /* Release */,
			);
			defaultConfigurationIsVisible = 0;
			defaultConfigurationName = Release;
		};
		D04486392C3333740078C27F /* Build configuration list for PBXNativeTarget "Magical Garden" */ = {
			isa = XCConfigurationList;
			buildConfigurations = (
				D044863A2C3333740078C27F /* Debug */,
				D044863B2C3333740078C27F /* Release */,
			);
			defaultConfigurationIsVisible = 0;
			defaultConfigurationName = Release;
		};
		D044863C2C3333740078C27F /* Build configuration list for PBXNativeTarget "Magical GardenTests" */ = {
			isa = XCConfigurationList;
			buildConfigurations = (
				D044863D2C3333740078C27F /* Debug */,
				D044863E2C3333740078C27F /* Release */,
			);
			defaultConfigurationIsVisible = 0;
			defaultConfigurationName = Release;
		};
		D044863F2C3333740078C27F /* Build configuration list for PBXNativeTarget "Magical GardenUITests" */ = {
			isa = XCConfigurationList;
			buildConfigurations = (
				D04486402C3333740078C27F /* Debug */,
				D04486412C3333740078C27F /* Release */,
			);
			defaultConfigurationIsVisible = 0;
			defaultConfigurationName = Release;
		};
/* End XCConfigurationList section */

/* Begin XCRemoteSwiftPackageReference section */
		D0301BBA2C3B081900ABA177 /* XCRemoteSwiftPackageReference "RealityKit-Text" */ = {
			isa = XCRemoteSwiftPackageReference;
			repositoryURL = "https://github.com/Reality-Dev/RealityKit-Text";
			requirement = {
				kind = upToNextMajorVersion;
				minimumVersion = 1.0.31;
			};
		};
		D04486552C33E9470078C27F /* XCRemoteSwiftPackageReference "FocusEntity" */ = {
			isa = XCRemoteSwiftPackageReference;
			repositoryURL = "https://github.com/maxxfrazer/FocusEntity";
			requirement = {
				kind = upToNextMajorVersion;
				minimumVersion = 2.5.1;
			};
		};
/* End XCRemoteSwiftPackageReference section */

/* Begin XCSwiftPackageProductDependency section */
		D0301BBC2C3B082D00ABA177 /* TextEntity */ = {
			isa = XCSwiftPackageProductDependency;
			package = D0301BBA2C3B081900ABA177 /* XCRemoteSwiftPackageReference "RealityKit-Text" */;
			productName = TextEntity;
		};
		D04486562C33E9DB0078C27F /* FocusEntity */ = {
			isa = XCSwiftPackageProductDependency;
			package = D04486552C33E9470078C27F /* XCRemoteSwiftPackageReference "FocusEntity" */;
			productName = FocusEntity;
		};
/* End XCSwiftPackageProductDependency section */
	};
	rootObject = D044860D2C3333710078C27F /* Project object */;
}
